
Microsoft Visual Studio Solution File, Format Version 12.00
# Visual Studio Version 17
VisualStudioVersion = 17.3.32929.385
MinimumVisualStudioVersion = 10.0.40219.1
Project("{2150E333-8FDC-42A3-9474-1A3956D46DE8}") = "Frontend", "Frontend", "{F2661572-0E6B-4CCD-9796-E2A42B59AC9A}"
EndProject
Project("{2150E333-8FDC-42A3-9474-1A3956D46DE8}") = "Services", "Services", "{08627DB3-19D0-43E5-BC60-A7E0BB49E852}"
EndProject
Project("{FAE04EC0-301F-11D3-BF4B-00C04F79EFBC}") = "GeekShopping.Web", "GeekShopping.Web\GeekShopping.Web.csproj", "{3D04E352-CFB2-4434-BFD1-E8A8BEAB7A1A}"
EndProject
Project("{FAE04EC0-301F-11D3-BF4B-00C04F79EFBC}") = "GeekShopping.ProductAPI", "GeekShopping.ProductAPI\GeekShopping.ProductAPI.csproj", "{2296A614-82D5-4482-BFCD-EA933DD578D6}"
EndProject
Global
	GlobalSection(SolutionConfigurationPlatforms) = preSolution
		Debug|Any CPU = Debug|Any CPU
		Release|Any CPU = Release|Any CPU
	EndGlobalSection
	GlobalSection(ProjectConfigurationPlatforms) = postSolution
		{3D04E352-CFB2-4434-BFD1-E8A8BEAB7A1A}.Debug|Any CPU.ActiveCfg = Debug|Any CPU
		{3D04E352-CFB2-4434-BFD1-E8A8BEAB7A1A}.Debug|Any CPU.Build.0 = Debug|Any CPU
		{3D04E352-CFB2-4434-BFD1-E8A8BEAB7A1A}.Release|Any CPU.ActiveCfg = Release|Any CPU
		{3D04E352-CFB2-4434-BFD1-E8A8BEAB7A1A}.Release|Any CPU.Build.0 = Release|Any CPU
		{2296A614-82D5-4482-BFCD-EA933DD578D6}.Debug|Any CPU.ActiveCfg = Debug|Any CPU
		{2296A614-82D5-4482-BFCD-EA933DD578D6}.Debug|Any CPU.Build.0 = Debug|Any CPU
		{2296A614-82D5-4482-BFCD-EA933DD578D6}.Release|Any CPU.ActiveCfg = Release|Any CPU
		{2296A614-82D5-4482-BFCD-EA933DD578D6}.Release|Any CPU.Build.0 = Release|Any CPU
	EndGlobalSection
	GlobalSection(SolutionProperties) = preSolution
		HideSolutionNode = FALSE
	EndGlobalSection
	GlobalSection(NestedProjects) = preSolution
		{3D04E352-CFB2-4434-BFD1-E8A8BEAB7A1A} = {F2661572-0E6B-4CCD-9796-E2A42B59AC9A}
		{2296A614-82D5-4482-BFCD-EA933DD578D6} = {08627DB3-19D0-43E5-BC60-A7E0BB49E852}
	EndGlobalSection
	GlobalSection(ExtensibilityGlobals) = postSolution
		SolutionGuid = {924B5DF5-A883-4131-BBDC-B8B91529B43C}
	EndGlobalSection
EndGlobal
